
Microsoft Visual Studio Solution File, Format Version 12.00
# Visual Studio 2013
VisualStudioVersion = 12.0.31101.0
MinimumVisualStudioVersion = 10.0.40219.1
Project("{FAE04EC0-301F-11D3-BF4B-00C04F79EFBC}") = "SportStore.Domain", "SportStore.Domain\SportStore.Domain.csproj", "{26D922C5-CE59-4333-A4FC-83FAFD1E9859}"
EndProject
Project("{FAE04EC0-301F-11D3-BF4B-00C04F79EFBC}") = "SportStore.WebUI", "SportStore.WebUI\SportStore.WebUI.csproj", "{D07CC9D4-29E8-43E0-8C1E-947B3B591FD6}"
EndProject
Project("{FAE04EC0-301F-11D3-BF4B-00C04F79EFBC}") = "SportStore.UnitTests", "SportStore.UnitTests\SportStore.UnitTests.csproj", "{11DC7E3E-B13A-4D6E-A0A0-2E2569317523}"
EndProject
Global
	GlobalSection(SolutionConfigurationPlatforms) = preSolution
		Debug|Any CPU = Debug|Any CPU
		Release|Any CPU = Release|Any CPU
	EndGlobalSection
	GlobalSection(ProjectConfigurationPlatforms) = postSolution
		{26D922C5-CE59-4333-A4FC-83FAFD1E9859}.Debug|Any CPU.ActiveCfg = Debug|Any CPU
		{26D922C5-CE59-4333-A4FC-83FAFD1E9859}.Debug|Any CPU.Build.0 = Debug|Any CPU
		{26D922C5-CE59-4333-A4FC-83FAFD1E9859}.Release|Any CPU.ActiveCfg = Release|Any CPU
		{26D922C5-CE59-4333-A4FC-83FAFD1E9859}.Release|Any CPU.Build.0 = Release|Any CPU
		{D07CC9D4-29E8-43E0-8C1E-947B3B591FD6}.Debug|Any CPU.ActiveCfg = Debug|Any CPU
		{D07CC9D4-29E8-43E0-8C1E-947B3B591FD6}.Debug|Any CPU.Build.0 = Debug|Any CPU
		{D07CC9D4-29E8-43E0-8C1E-947B3B591FD6}.Release|Any CPU.ActiveCfg = Release|Any CPU
		{D07CC9D4-29E8-43E0-8C1E-947B3B591FD6}.Release|Any CPU.Build.0 = Release|Any CPU
		{11DC7E3E-B13A-4D6E-A0A0-2E2569317523}.Debug|Any CPU.ActiveCfg = Debug|Any CPU
		{11DC7E3E-B13A-4D6E-A0A0-2E2569317523}.Debug|Any CPU.Build.0 = Debug|Any CPU
		{11DC7E3E-B13A-4D6E-A0A0-2E2569317523}.Release|Any CPU.ActiveCfg = Release|Any CPU
		{11DC7E3E-B13A-4D6E-A0A0-2E2569317523}.Release|Any CPU.Build.0 = Release|Any CPU
	EndGlobalSection
	GlobalSection(SolutionProperties) = preSolution
		HideSolutionNode = FALSE
	EndGlobalSection
EndGlobal
